version = 1
revision = 3
requires-python = ">=3.12"

[[package]]
name = "faker"
version = "40.15.0"
source = { registry = "https://pypi.org/simple" }
dependencies = [
    { name = "tzdata", marker = "sys_platform == 'win32'" },
]
sdist = { url = "https://files.pythonhosted.org/packages/7f/13/6741787bd91c4109c7bed047d68273965cd52ce8a5f773c471b949334b6d/faker-40.15.0.tar.gz", hash = "sha256:20f3a6ec8c266b74d4c554e34118b21c3c2056c0b4a519d15c8decb3a4e6e795", size = 1967447, upload-time = "2026-04-17T20:05:27.555Z" }
wheels = [
    { url = "https://files.pythonhosted.org/packages/a7/a7/a600f8f30d4505e89166de51dd121bd540ab8e560e8cf0901de00a81de8c/faker-40.15.0-py3-none-any.whl", hash = "sha256:71ab3c3370da9d2205ab74ffb0fd51273063ad562b3a3bb69d0026a20923e318", size = 2004447, upload-time = "2026-04-17T20:05:25.437Z" },
]

[[package]]
name = "generate-dummy-data"
version = "0.1.0"
source = { virtual = "." }
dependencies = [
    { name = "faker" },
]

[package.metadata]
requires-dist = [{ name = "faker", specifier = ">=40.15.0" }]

[[package]]
name = "tzdata"
version = "2026.1"
source = { registry = "https://pypi.org/simple" }
sdist = { url = "https://files.pythonhosted.org/packages/19/f5/cd531b2d15a671a40c0f66cf06bc3570a12cd56eef98960068ebbad1bf5a/tzdata-2026.1.tar.gz", hash = "sha256:67658a1903c75917309e753fdc349ac0efd8c27db7a0cb406a25be4840f87f98", size = 197639, upload-time = "2026-04-03T11:25:22.002Z" }
wheels = [
    { url = "https://files.pythonhosted.org/packages/b0/70/d460bd685a170790ec89317e9bd33047988e4bce507b831f5db771e142de/tzdata-2026.1-py2.py3-none-any.whl", hash = "sha256:4b1d2be7ac37ceafd7327b961aa3a54e467efbdb563a23655fbfe0d39cfc42a9", size = 348952, upload-time = "2026-04-03T11:25:20.313Z" },
]
